{
  "name": "resolved-graph-query",
  "version": "1.0.0",
  "lockfileVersion": 1,
  "requires": true,
  "dependencies": {
    "@types/node": {
      "version": "14.0.19",
      "resolved": "https://registry.npmjs.org/@types/node/-/node-14.0.19.tgz",
      "integrity": "sha512-yf3BP/NIXF37BjrK5klu//asUWitOEoUP5xE1mhSUjazotwJ/eJDgEmMQNlOeWOVv72j24QQ+3bqXHE++CFGag==",
      "dev": true
    },
    "prettier": {
      "version": "2.0.5",
      "resolved": "https://registry.npmjs.org/prettier/-/prettier-2.0.5.tgz",
      "integrity": "sha512-7PtVymN48hGcO4fGjybyBSIWDsLU4H4XlvOHfq91pz9kkGlonzwTfYkaIEwiRg/dAJF9YlbsduBAgtYLi+8cFg==",
      "dev": true
    },
    "resolved-graph": {
      "version": "1.2.4",
      "resolved": "https://registry.npmjs.org/resolved-graph/-/resolved-graph-1.2.4.tgz",
      "integrity": "sha512-MCu4/yOMOgH0RrkmfjKVRDPSowzTJW67wX6LTHD4K7amkCNd3sLMveAAN/qy8VYAkerKEL4W2aGrSxDV91Pgqw=="
    },
    "typescript": {
      "version": "3.9.6",
      "resolved": "https://registry.npmjs.org/typescript/-/typescript-3.9.6.tgz",
      "integrity": "sha512-Pspx3oKAPJtjNwE92YS05HQoY7z2SFyOpHo9MqJor3BXAGNaPUs83CuVp9VISFkSjyRfiTpmKuAYGJB7S7hOxw==",
      "dev": true
    }
  }
}
